
Microsoft Visual Studio Solution File, Format Version 12.00
# Visual Studio Version 16
VisualStudioVersion = 16.0.30204.135
MinimumVisualStudioVersion = 10.0.40219.1
Project("{FAE04EC0-301F-11D3-BF4B-00C04F79EFBC}") = "Entidades", "Entidades\Entidades.csproj", "{09E1A873-072F-47E8-AF24-C51CC21A5927}"
EndProject
Project("{FAE04EC0-301F-11D3-BF4B-00C04F79EFBC}") = "Dao", "Dao\Dao.csproj", "{A8734CB3-723A-41C4-9540-E7AB3C00AA95}"
EndProject
Project("{FAE04EC0-301F-11D3-BF4B-00C04F79EFBC}") = "Negocios", "Negocios\Negocios.csproj", "{DD37DDEC-9D7A-4DEA-BE8C-562F25650195}"
EndProject
Project("{FAE04EC0-301F-11D3-BF4B-00C04F79EFBC}") = "Vistas", "Vistas\Vistas.csproj", "{519FE53B-AF21-4700-B79A-D1992961FD79}"
EndProject
Global
	GlobalSection(SolutionConfigurationPlatforms) = preSolution
		Debug|Any CPU = Debug|Any CPU
		Release|Any CPU = Release|Any CPU
	EndGlobalSection
	GlobalSection(ProjectConfigurationPlatforms) = postSolution
		{09E1A873-072F-47E8-AF24-C51CC21A5927}.Debug|Any CPU.ActiveCfg = Debug|Any CPU
		{09E1A873-072F-47E8-AF24-C51CC21A5927}.Debug|Any CPU.Build.0 = Debug|Any CPU
		{09E1A873-072F-47E8-AF24-C51CC21A5927}.Release|Any CPU.ActiveCfg = Release|Any CPU
		{09E1A873-072F-47E8-AF24-C51CC21A5927}.Release|Any CPU.Build.0 = Release|Any CPU
		{A8734CB3-723A-41C4-9540-E7AB3C00AA95}.Debug|Any CPU.ActiveCfg = Debug|Any CPU
		{A8734CB3-723A-41C4-9540-E7AB3C00AA95}.Debug|Any CPU.Build.0 = Debug|Any CPU
		{A8734CB3-723A-41C4-9540-E7AB3C00AA95}.Release|Any CPU.ActiveCfg = Release|Any CPU
		{A8734CB3-723A-41C4-9540-E7AB3C00AA95}.Release|Any CPU.Build.0 = Release|Any CPU
		{DD37DDEC-9D7A-4DEA-BE8C-562F25650195}.Debug|Any CPU.ActiveCfg = Debug|Any CPU
		{DD37DDEC-9D7A-4DEA-BE8C-562F25650195}.Debug|Any CPU.Build.0 = Debug|Any CPU
		{DD37DDEC-9D7A-4DEA-BE8C-562F25650195}.Release|Any CPU.ActiveCfg = Release|Any CPU
		{DD37DDEC-9D7A-4DEA-BE8C-562F25650195}.Release|Any CPU.Build.0 = Release|Any CPU
		{519FE53B-AF21-4700-B79A-D1992961FD79}.Debug|Any CPU.ActiveCfg = Debug|Any CPU
		{519FE53B-AF21-4700-B79A-D1992961FD79}.Debug|Any CPU.Build.0 = Debug|Any CPU
		{519FE53B-AF21-4700-B79A-D1992961FD79}.Release|Any CPU.ActiveCfg = Release|Any CPU
		{519FE53B-AF21-4700-B79A-D1992961FD79}.Release|Any CPU.Build.0 = Release|Any CPU
	EndGlobalSection
	GlobalSection(SolutionProperties) = preSolution
		HideSolutionNode = FALSE
	EndGlobalSection
	GlobalSection(ExtensibilityGlobals) = postSolution
		SolutionGuid = {FB40D299-FEC0-4E88-AFA7-28A7CF07C36A}
	EndGlobalSection
EndGlobal
